
Microsoft Visual Studio Solution File, Format Version 12.00
# Visual Studio Version 16
VisualStudioVersion = 16.0.29613.14
MinimumVisualStudioVersion = 10.0.40219.1
Project("{FAE04EC0-301F-11D3-BF4B-00C04F79EFBC}") = "project3", "project3\project3.csproj", "{27171BE7-05FE-4309-A414-B3C9087DFCFD}"
EndProject
Global
	GlobalSection(SolutionConfigurationPlatforms) = preSolution
		Debug|Any CPU = Debug|Any CPU
		Release|Any CPU = Release|Any CPU
	EndGlobalSection
	GlobalSection(ProjectConfigurationPlatforms) = postSolution
		{27171BE7-05FE-4309-A414-B3C9087DFCFD}.Debug|Any CPU.ActiveCfg = Debug|Any CPU
		{27171BE7-05FE-4309-A414-B3C9087DFCFD}.Debug|Any CPU.Build.0 = Debug|Any CPU
		{27171BE7-05FE-4309-A414-B3C9087DFCFD}.Release|Any CPU.ActiveCfg = Release|Any CPU
		{27171BE7-05FE-4309-A414-B3C9087DFCFD}.Release|Any CPU.Build.0 = Release|Any CPU
	EndGlobalSection
	GlobalSection(SolutionProperties) = preSolution
		HideSolutionNode = FALSE
	EndGlobalSection
	GlobalSection(ExtensibilityGlobals) = postSolution
		SolutionGuid = {5428D3AE-B9F8-400F-BF7D-4EB5FAC7BAF0}
	EndGlobalSection
EndGlobal
